{
  "name": "node-lite-profiler",
  "version": "1.0.2",
  "lockfileVersion": 3,
  "requires": true,
  "packages": {
    "": {
      "name": "node-lite-profiler",
      "version": "1.0.2",
      "license": "MIT",
      "devDependencies": {},
      "engines": {
        "node": ">=16"
      }
    }
  }
}
